<?xml version="1.0" encoding="utf-8"?>
<Project ToolsVersion="4.0" xmlns="http://schemas.microsoft.com/developer/msbuild/2003">
  <ItemGroup>
    <Filter Include="Source Files">
      <UniqueIdentifier>{4FC737F1-C7A5-4376-A066-2A32D752A2FF}</UniqueIdentifier>
      <Extensions>cpp;c;cc;cxx;def;odl;idl;hpj;bat;asm;asmx</Extensions>
    </Filter>
    <Filter Include="Header Files">
      <UniqueIdentifier>{93995380-89BD-4b04-88EB-625FBE52EBFB}</UniqueIdentifier>
      <Extensions>h;hh;hpp;hxx;hm;inl;inc;ipp;xsd</Extensions>
    </Filter>
    <Filter Include="Resource Files">
      <UniqueIdentifier>{67DA6AB6-F800-4c08-8B7A-83BB121AAD01}</UniqueIdentifier>
      <Extensions>rc;ico;cur;bmp;dlg;rc2;rct;bin;rgs;gif;jpg;jpeg;jpe;resx;tiff;tif;png;wav;mfcribbon-ms</Extensions>
    </Filter>
  </ItemGroup>
  <ItemGroup>
    <ClCompile Include="TestApp1.cpp">
      <Filter>Source Files</Filter>
    </ClCompile>
    <ClCompile Include="FuzzySet.cpp">
      <Filter>Source Files</Filter>
    </ClCompile>
    <ClCompile Include="SingletonFuzzySet.cpp">
      <Filter>Source Files</Filter>
    </ClCompile>
    <ClCompile Include="TrapezoidalFuzzySet.cpp">
      <Filter>Source Files</Filter>
    </ClCompile>
    <ClCompile Include="TrapezoidalIFuzzySetInfL.cpp">
      <Filter>Source Files</Filter>
    </ClCompile>
    <ClCompile Include="TrapezoidalIFuzzySetInfR.cpp">
      <Filter>Source Files</Filter>
    </ClCompile>
    <ClCompile Include="TriangularFuzzySet.cpp">
      <Filter>Source Files</Filter>
    </ClCompile>
    <ClCompile Include="GaussianFuzzySet.cpp">
      <Filter>Source Files</Filter>
    </ClCompile>
    <ClCompile Include="BellShapedFuzzySet.cpp">
      <Filter>Source Files</Filter>
    </ClCompile>
    <ClCompile Include="SmallFuzzySet.cpp">
      <Filter>Source Files</Filter>
    </ClCompile>
    <ClCompile Include="LargeFuzzySet.cpp">
      <Filter>Source Files</Filter>
    </ClCompile>
    <ClCompile Include="FuzzyInput.cpp">
      <Filter>Source Files</Filter>
    </ClCompile>
    <ClCompile Include="FuzzyHedges.cpp">
      <Filter>Source Files</Filter>
    </ClCompile>
    <ClCompile Include="Rule.cpp">
      <Filter>Source Files</Filter>
    </ClCompile>
    <ClCompile Include="Rules.cpp">
      <Filter>Source Files</Filter>
    </ClCompile>
    <ClCompile Include="LinguisticVariable.cpp">
      <Filter>Source Files</Filter>
    </ClCompile>
    <ClCompile Include="FuzzyOutput.cpp">
      <Filter>Source Files</Filter>
    </ClCompile>
    <ClCompile Include="FuzzyController.cpp">
      <Filter>Source Files</Filter>
    </ClCompile>
    <ClCompile Include="FuzzyControllerMamdani.cpp">
      <Filter>Source Files</Filter>
    </ClCompile>
    <ClCompile Include="FuzzyControllerFactory.cpp">
      <Filter>Source Files</Filter>
    </ClCompile>
    <ClCompile Include="FuzzyControllerSugeno.cpp">
      <Filter>Source Files</Filter>
    </ClCompile>
  </ItemGroup>
  <ItemGroup>
    <ClInclude Include="FuzzySet.h">
      <Filter>Header Files</Filter>
    </ClInclude>
    <ClInclude Include="SingletonFuzzySet.h">
      <Filter>Header Files</Filter>
    </ClInclude>
    <ClInclude Include="TrapezoidalFuzzySet.h">
      <Filter>Header Files</Filter>
    </ClInclude>
    <ClInclude Include="TrapezoidalIFuzzySetInfL.h">
      <Filter>Header Files</Filter>
    </ClInclude>
    <ClInclude Include="TrapezoidalIFuzzySetInfR.h">
      <Filter>Header Files</Filter>
    </ClInclude>
    <ClInclude Include="TriangularFuzzySet.h">
      <Filter>Header Files</Filter>
    </ClInclude>
    <ClInclude Include="GaussianFuzzySet.h">
      <Filter>Header Files</Filter>
    </ClInclude>
    <ClInclude Include="BellShapedFuzzySet.h">
      <Filter>Header Files</Filter>
    </ClInclude>
    <ClInclude Include="SmallFuzzySet.h">
      <Filter>Header Files</Filter>
    </ClInclude>
    <ClInclude Include="LargeFuzzySet.h">
      <Filter>Header Files</Filter>
    </ClInclude>
    <ClInclude Include="FuzzyInput.h">
      <Filter>Header Files</Filter>
    </ClInclude>
    <ClInclude Include="FuzzyHedges.h">
      <Filter>Header Files</Filter>
    </ClInclude>
    <ClInclude Include="Rule.h">
      <Filter>Header Files</Filter>
    </ClInclude>
    <ClInclude Include="Rules.h">
      <Filter>Header Files</Filter>
    </ClInclude>
    <ClInclude Include="LinguisticVariable.h">
      <Filter>Header Files</Filter>
    </ClInclude>
    <ClInclude Include="FuzzyOutput.h">
      <Filter>Header Files</Filter>
    </ClInclude>
    <ClInclude Include="FuzzyController.h">
      <Filter>Header Files</Filter>
    </ClInclude>
    <ClInclude Include="FuzzyTypes.h">
      <Filter>Header Files</Filter>
    </ClInclude>
    <ClInclude Include="FuzzyControllerMamdani.h">
      <Filter>Header Files</Filter>
    </ClInclude>
    <ClInclude Include="FuzzyControllerFactory.h">
      <Filter>Header Files</Filter>
    </ClInclude>
    <ClInclude Include="FuzzyControllerSugeno.h">
      <Filter>Header Files</Filter>
    </ClInclude>
  </ItemGroup>
</Project>