<?xml version="1.0" encoding="utf-8"?>
<Project ToolsVersion="4.0" xmlns="http://schemas.microsoft.com/developer/msbuild/2003">
  <ItemGroup>
    <Filter Include="Source Files">
      <UniqueIdentifier>{4FC737F1-C7A5-4376-A066-2A32D752A2FF}</UniqueIdentifier>
      <Extensions>cpp;c;cc;cxx;c++;cppm;ixx;def;odl;idl;hpj;bat;asm;asmx</Extensions>
    </Filter>
    <Filter Include="Header Files">
      <UniqueIdentifier>{93995380-89BD-4b04-88EB-625FBE52EBFB}</UniqueIdentifier>
      <Extensions>h;hh;hpp;hxx;h++;hm;inl;inc;ipp;xsd</Extensions>
    </Filter>
    <Filter Include="Resource Files">
      <UniqueIdentifier>{67DA6AB6-F800-4c08-8B7A-83BB121AAD01}</UniqueIdentifier>
      <Extensions>rc;ico;cur;bmp;dlg;rc2;rct;bin;rgs;gif;jpg;jpeg;jpe;resx;tiff;tif;png;wav;mfcribbon-ms</Extensions>
    </Filter>
  </ItemGroup>
  <ItemGroup>
    <ClCompile Include="Source\BellShapedFuzzySet.cpp">
      <Filter>Source Files</Filter>
    </ClCompile>
    <ClCompile Include="Source\FisFileImport.cpp">
      <Filter>Source Files</Filter>
    </ClCompile>
    <ClCompile Include="Source\FuzzyController.cpp">
      <Filter>Source Files</Filter>
    </ClCompile>
    <ClCompile Include="Source\FuzzyControllerFactory.cpp">
      <Filter>Source Files</Filter>
    </ClCompile>
    <ClCompile Include="Source\FuzzyControllerMamdani.cpp">
      <Filter>Source Files</Filter>
    </ClCompile>
    <ClCompile Include="Source\FuzzyControllerSugeno.cpp">
      <Filter>Source Files</Filter>
    </ClCompile>
    <ClCompile Include="Source\FuzzyHedges.cpp">
      <Filter>Source Files</Filter>
    </ClCompile>
    <ClCompile Include="Source\FuzzyInput.cpp">
      <Filter>Source Files</Filter>
    </ClCompile>
    <ClCompile Include="Source\FuzzyOutput.cpp">
      <Filter>Source Files</Filter>
    </ClCompile>
    <ClCompile Include="Source\FuzzySet.cpp">
      <Filter>Source Files</Filter>
    </ClCompile>
    <ClCompile Include="Source\GaussianFuzzySet.cpp">
      <Filter>Source Files</Filter>
    </ClCompile>
    <ClCompile Include="Source\LargeFuzzySet.cpp">
      <Filter>Source Files</Filter>
    </ClCompile>
    <ClCompile Include="Source\LinguisticVariable.cpp">
      <Filter>Source Files</Filter>
    </ClCompile>
    <ClCompile Include="Source\PiShapedFuzzySet.cpp">
      <Filter>Source Files</Filter>
    </ClCompile>
    <ClCompile Include="Source\Rule.cpp">
      <Filter>Source Files</Filter>
    </ClCompile>
    <ClCompile Include="Source\Rules.cpp">
      <Filter>Source Files</Filter>
    </ClCompile>
    <ClCompile Include="Source\SigmoidalFuzzySet.cpp">
      <Filter>Source Files</Filter>
    </ClCompile>
    <ClCompile Include="Source\SingletonFuzzySet.cpp">
      <Filter>Source Files</Filter>
    </ClCompile>
    <ClCompile Include="Source\SmallFuzzySet.cpp">
      <Filter>Source Files</Filter>
    </ClCompile>
    <ClCompile Include="Source\SShapedFuzzySet.cpp">
      <Filter>Source Files</Filter>
    </ClCompile>
    <ClCompile Include="Source\StringUtil.cpp">
      <Filter>Source Files</Filter>
    </ClCompile>
    <ClCompile Include="Source\TrapezoidalFuzzySet.cpp">
      <Filter>Source Files</Filter>
    </ClCompile>
    <ClCompile Include="Source\TrapezoidalIFuzzySetInfL.cpp">
      <Filter>Source Files</Filter>
    </ClCompile>
    <ClCompile Include="Source\TrapezoidalIFuzzySetInfR.cpp">
      <Filter>Source Files</Filter>
    </ClCompile>
    <ClCompile Include="Source\TriangularFuzzySet.cpp">
      <Filter>Source Files</Filter>
    </ClCompile>
    <ClCompile Include="Source\ZShapedFuzzySet.cpp">
      <Filter>Source Files</Filter>
    </ClCompile>
    <ClCompile Include="Source\FisFileExport.cpp">
      <Filter>Source Files</Filter>
    </ClCompile>
    <ClCompile Include="Source\Block.cpp">
      <Filter>Source Files</Filter>
    </ClCompile>
    <ClCompile Include="Source\Derivative.cpp">
      <Filter>Source Files</Filter>
    </ClCompile>
    <ClCompile Include="Source\Difference.cpp">
      <Filter>Source Files</Filter>
    </ClCompile>
    <ClCompile Include="Source\FIRFilter.cpp">
      <Filter>Source Files</Filter>
    </ClCompile>
    <ClCompile Include="Source\IIRFilter.cpp">
      <Filter>Source Files</Filter>
    </ClCompile>
    <ClCompile Include="Source\IIRFilterFO.cpp">
      <Filter>Source Files</Filter>
    </ClCompile>
    <ClCompile Include="Source\IIRFilterSO.cpp">
      <Filter>Source Files</Filter>
    </ClCompile>
    <ClCompile Include="Source\Integrator.cpp">
      <Filter>Source Files</Filter>
    </ClCompile>
    <ClCompile Include="Source\PIDController.cpp">
      <Filter>Source Files</Filter>
    </ClCompile>
    <ClCompile Include="Source\DCMotor.cpp">
      <Filter>Source Files</Filter>
    </ClCompile>
    <ClCompile Include="Source\FrictionModelCV.cpp">
      <Filter>Source Files</Filter>
    </ClCompile>
    <ClCompile Include="Source\TimeDelay.cpp">
      <Filter>Source Files</Filter>
    </ClCompile>
    <ClCompile Include="Source\WaveFormTracer.cpp">
      <Filter>Source Files</Filter>
    </ClCompile>
    <ClCompile Include="Source\PMSMotor.cpp">
      <Filter>Source Files</Filter>
    </ClCompile>
    <ClCompile Include="Source\PMSMPICurrentController.cpp">
      <Filter>Source Files</Filter>
    </ClCompile>
    <ClCompile Include="Source\HBPWMDCMotor.cpp">
      <Filter>Source Files</Filter>
    </ClCompile>
    <ClCompile Include="Source\IIRFilterButterSO.cpp">
      <Filter>Source Files</Filter>
    </ClCompile>
    <ClCompile Include="Source\JerkLimitedTrajectory.cpp">
      <Filter>Source Files</Filter>
    </ClCompile>
    <ClCompile Include="Source\QuinticPolyTrajectory.cpp">
      <Filter>Source Files</Filter>
    </ClCompile>
  </ItemGroup>
  <ItemGroup>
    <ClInclude Include="Header\BellShapedFuzzySet.h">
      <Filter>Header Files</Filter>
    </ClInclude>
    <ClInclude Include="Header\FisFileImport.h">
      <Filter>Header Files</Filter>
    </ClInclude>
    <ClInclude Include="Header\framework.h">
      <Filter>Header Files</Filter>
    </ClInclude>
    <ClInclude Include="Header\FuzzyController.h">
      <Filter>Header Files</Filter>
    </ClInclude>
    <ClInclude Include="Header\FuzzyControllerFactory.h">
      <Filter>Header Files</Filter>
    </ClInclude>
    <ClInclude Include="Header\FuzzyControllerMamdani.h">
      <Filter>Header Files</Filter>
    </ClInclude>
    <ClInclude Include="Header\FuzzyControllerSugeno.h">
      <Filter>Header Files</Filter>
    </ClInclude>
    <ClInclude Include="Header\FuzzyHedges.h">
      <Filter>Header Files</Filter>
    </ClInclude>
    <ClInclude Include="Header\FuzzyInput.h">
      <Filter>Header Files</Filter>
    </ClInclude>
    <ClInclude Include="Header\FuzzyOutput.h">
      <Filter>Header Files</Filter>
    </ClInclude>
    <ClInclude Include="Header\FuzzySet.h">
      <Filter>Header Files</Filter>
    </ClInclude>
    <ClInclude Include="Header\FuzzyTypes.h">
      <Filter>Header Files</Filter>
    </ClInclude>
    <ClInclude Include="Header\GaussianFuzzySet.h">
      <Filter>Header Files</Filter>
    </ClInclude>
    <ClInclude Include="Header\LargeFuzzySet.h">
      <Filter>Header Files</Filter>
    </ClInclude>
    <ClInclude Include="Header\LinguisticVariable.h">
      <Filter>Header Files</Filter>
    </ClInclude>
    <ClInclude Include="Header\PiShapedFuzzySet.h">
      <Filter>Header Files</Filter>
    </ClInclude>
    <ClInclude Include="Header\Rule.h">
      <Filter>Header Files</Filter>
    </ClInclude>
    <ClInclude Include="Header\Rules.h">
      <Filter>Header Files</Filter>
    </ClInclude>
    <ClInclude Include="Header\SigmoidalFuzzySet.h">
      <Filter>Header Files</Filter>
    </ClInclude>
    <ClInclude Include="Header\SingletonFuzzySet.h">
      <Filter>Header Files</Filter>
    </ClInclude>
    <ClInclude Include="Header\SmallFuzzySet.h">
      <Filter>Header Files</Filter>
    </ClInclude>
    <ClInclude Include="Header\SShapedFuzzySet.h">
      <Filter>Header Files</Filter>
    </ClInclude>
    <ClInclude Include="Header\StringUtil.h">
      <Filter>Header Files</Filter>
    </ClInclude>
    <ClInclude Include="Header\TrapezoidalFuzzySet.h">
      <Filter>Header Files</Filter>
    </ClInclude>
    <ClInclude Include="Header\TrapezoidalIFuzzySetInfL.h">
      <Filter>Header Files</Filter>
    </ClInclude>
    <ClInclude Include="Header\TrapezoidalIFuzzySetInfR.h">
      <Filter>Header Files</Filter>
    </ClInclude>
    <ClInclude Include="Header\TriangularFuzzySet.h">
      <Filter>Header Files</Filter>
    </ClInclude>
    <ClInclude Include="Header\ZShapedFuzzySet.h">
      <Filter>Header Files</Filter>
    </ClInclude>
    <ClInclude Include="Header\FisFileExport.h">
      <Filter>Header Files</Filter>
    </ClInclude>
    <ClInclude Include="Header\Block.h">
      <Filter>Header Files</Filter>
    </ClInclude>
    <ClInclude Include="Header\Derivative.h">
      <Filter>Header Files</Filter>
    </ClInclude>
    <ClInclude Include="Header\Difference.h">
      <Filter>Header Files</Filter>
    </ClInclude>
    <ClInclude Include="Header\FIRFilter.h">
      <Filter>Header Files</Filter>
    </ClInclude>
    <ClInclude Include="Header\IIRFilter.h">
      <Filter>Header Files</Filter>
    </ClInclude>
    <ClInclude Include="Header\IIRFilterFO.h">
      <Filter>Header Files</Filter>
    </ClInclude>
    <ClInclude Include="Header\IIRFilterSO.h">
      <Filter>Header Files</Filter>
    </ClInclude>
    <ClInclude Include="Header\Integrator.h">
      <Filter>Header Files</Filter>
    </ClInclude>
    <ClInclude Include="Header\PIDController.h">
      <Filter>Header Files</Filter>
    </ClInclude>
    <ClInclude Include="Header\StateSpace.h">
      <Filter>Header Files</Filter>
    </ClInclude>
    <ClInclude Include="Header\DCMotor.h">
      <Filter>Header Files</Filter>
    </ClInclude>
    <ClInclude Include="Header\FrictionModelCV.h">
      <Filter>Header Files</Filter>
    </ClInclude>
    <ClInclude Include="Header\TimeDelay.h">
      <Filter>Header Files</Filter>
    </ClInclude>
    <ClInclude Include="Header\WaveFormTracer.h">
      <Filter>Header Files</Filter>
    </ClInclude>
    <ClInclude Include="Header\Signal.h">
      <Filter>Header Files</Filter>
    </ClInclude>
    <ClInclude Include="Header\BaseSignal.h">
      <Filter>Header Files</Filter>
    </ClInclude>
    <ClInclude Include="Header\PMSMotor.h">
      <Filter>Header Files</Filter>
    </ClInclude>
    <ClInclude Include="Header\PMSMPICurrentController.h">
      <Filter>Header Files</Filter>
    </ClInclude>
    <ClInclude Include="Header\HBPWMDCMotor.h">
      <Filter>Header Files</Filter>
    </ClInclude>
    <ClInclude Include="Header\IIRFilterButterSO.h">
      <Filter>Header Files</Filter>
    </ClInclude>
    <ClInclude Include="Header\JerkLimitedTrajectory.h">
      <Filter>Header Files</Filter>
    </ClInclude>
    <ClInclude Include="Header\QuinticPolyTrajectory.h">
      <Filter>Header Files</Filter>
    </ClInclude>
  </ItemGroup>
</Project>